
Microsoft Visual Studio Solution File, Format Version 12.00
# Visual Studio Version 17
VisualStudioVersion = 17.0.31825.309
MinimumVisualStudioVersion = 10.0.40219.1
Project("{FAE04EC0-301F-11D3-BF4B-00C04F79EFBC}") = "Facade_realWord", "Facade_realWord.csproj", "{B2603D0E-B390-4534-B126-05FC16803132}"
EndProject
Global
	GlobalSection(SolutionConfigurationPlatforms) = preSolution
		Debug|Any CPU = Debug|Any CPU
		Release|Any CPU = Release|Any CPU
	EndGlobalSection
	GlobalSection(ProjectConfigurationPlatforms) = postSolution
		{B2603D0E-B390-4534-B126-05FC16803132}.Debug|Any CPU.ActiveCfg = Debug|Any CPU
		{B2603D0E-B390-4534-B126-05FC16803132}.Debug|Any CPU.Build.0 = Debug|Any CPU
		{B2603D0E-B390-4534-B126-05FC16803132}.Release|Any CPU.ActiveCfg = Release|Any CPU
		{B2603D0E-B390-4534-B126-05FC16803132}.Release|Any CPU.Build.0 = Release|Any CPU
	EndGlobalSection
	GlobalSection(SolutionProperties) = preSolution
		HideSolutionNode = FALSE
	EndGlobalSection
	GlobalSection(ExtensibilityGlobals) = postSolution
		SolutionGuid = {C0C6344E-71EC-44FE-B419-860AE6C766B8}
	EndGlobalSection
EndGlobal
